// !$*UTF8*$!
{
	archiveVersion = 1;
	classes = {
	};
	objectVersion = 46;
	objects = {

/* Begin PBXBuildFile section */
		4A1370ED1EDBC2B900A3E9C4 /* CollectionViewCell.swift in Sources */ = {isa = PBXBuildFile; fileRef = 4A1370EC1EDBC2B900A3E9C4 /* CollectionViewCell.swift */; };
		4A1370F31EDCF4A900A3E9C4 /* Extentions.swift in Sources */ = {isa = PBXBuildFile; fileRef = 4A1370F21EDCF4A900A3E9C4 /* Extentions.swift */; };
		4A1370FB1EDDF0F900A3E9C4 /* Pin+CoreDataClass.swift in Sources */ = {isa = PBXBuildFile; fileRef = 4A1370F91EDDF0F900A3E9C4 /* Pin+CoreDataClass.swift */; };
		4A1370FC1EDDF0F900A3E9C4 /* Pin+CoreDataProperties.swift in Sources */ = {isa = PBXBuildFile; fileRef = 4A1370FA1EDDF0F900A3E9C4 /* Pin+CoreDataProperties.swift */; };
		4AC087771ED7AFDC00D9403A /* AppDelegate.swift in Sources */ = {isa = PBXBuildFile; fileRef = 4AC087761ED7AFDC00D9403A /* AppDelegate.swift */; };
		4AC0877C1ED7AFDC00D9403A /* Main.storyboard in Resources */ = {isa = PBXBuildFile; fileRef = 4AC0877A1ED7AFDC00D9403A /* Main.storyboard */; };
		4AC0877F1ED7AFDC00D9403A /* Virtual_Tourist.xcdatamodeld in Sources */ = {isa = PBXBuildFile; fileRef = 4AC0877D1ED7AFDC00D9403A /* Virtual_Tourist.xcdatamodeld */; };
		4AC087811ED7AFDC00D9403A /* Assets.xcassets in Resources */ = {isa = PBXBuildFile; fileRef = 4AC087801ED7AFDC00D9403A /* Assets.xcassets */; };
		4AC087841ED7AFDC00D9403A /* LaunchScreen.storyboard in Resources */ = {isa = PBXBuildFile; fileRef = 4AC087821ED7AFDC00D9403A /* LaunchScreen.storyboard */; };
		4AC087971ED7B75000D9403A /* CoreDataStack.swift in Sources */ = {isa = PBXBuildFile; fileRef = 4AC087961ED7B75000D9403A /* CoreDataStack.swift */; };
		4AC087991ED7FC7800D9403A /* MapViewController.swift in Sources */ = {isa = PBXBuildFile; fileRef = 4AC087981ED7FC7800D9403A /* MapViewController.swift */; };
		4AC087A01ED7FDCD00D9403A /* Photo+CoreDataClass.swift in Sources */ = {isa = PBXBuildFile; fileRef = 4AC0879C1ED7FDCD00D9403A /* Photo+CoreDataClass.swift */; };
		4AC087A11ED7FDCD00D9403A /* Photo+CoreDataProperties.swift in Sources */ = {isa = PBXBuildFile; fileRef = 4AC0879D1ED7FDCD00D9403A /* Photo+CoreDataProperties.swift */; };
		4AC087A31ED8ED4C00D9403A /* FlickrAPI.swift in Sources */ = {isa = PBXBuildFile; fileRef = 4AC087A21ED8ED4C00D9403A /* FlickrAPI.swift */; };
		4AC087A51EDA4CA400D9403A /* PinViewController.swift in Sources */ = {isa = PBXBuildFile; fileRef = 4AC087A41EDA4CA400D9403A /* PinViewController.swift */; };
		4AC087A71EDA552F00D9403A /* AnnotationPin.swift in Sources */ = {isa = PBXBuildFile; fileRef = 4AC087A61EDA552F00D9403A /* AnnotationPin.swift */; };
/* End PBXBuildFile section */

/* Begin PBXFileReference section */
		4A1370EC1EDBC2B900A3E9C4 /* CollectionViewCell.swift */ = {isa = PBXFileReference; fileEncoding = 4; lastKnownFileType = sourcecode.swift; path = CollectionViewCell.swift; sourceTree = "<group>"; };
		4A1370F21EDCF4A900A3E9C4 /* Extentions.swift */ = {isa = PBXFileReference; fileEncoding = 4; lastKnownFileType = sourcecode.swift; path = Extentions.swift; sourceTree = "<group>"; };
		4A1370F41EDDECAD00A3E9C4 /* Virtual_Tourist 2.xcdatamodel */ = {isa = PBXFileReference; lastKnownFileType = wrapper.xcdatamodel; path = "Virtual_Tourist 2.xcdatamodel"; sourceTree = "<group>"; };
		4A1370F91EDDF0F900A3E9C4 /* Pin+CoreDataClass.swift */ = {isa = PBXFileReference; fileEncoding = 4; lastKnownFileType = sourcecode.swift; path = "Pin+CoreDataClass.swift"; sourceTree = "<group>"; };
		4A1370FA1EDDF0F900A3E9C4 /* Pin+CoreDataProperties.swift */ = {isa = PBXFileReference; fileEncoding = 4; lastKnownFileType = sourcecode.swift; path = "Pin+CoreDataProperties.swift"; sourceTree = "<group>"; };
		4AC087731ED7AFDC00D9403A /* Virtual Tourist.app */ = {isa = PBXFileReference; explicitFileType = wrapper.application; includeInIndex = 0; path = "Virtual Tourist.app"; sourceTree = BUILT_PRODUCTS_DIR; };
		4AC087761ED7AFDC00D9403A /* AppDelegate.swift */ = {isa = PBXFileReference; lastKnownFileType = sourcecode.swift; path = AppDelegate.swift; sourceTree = "<group>"; };
		4AC0877B1ED7AFDC00D9403A /* Base */ = {isa = PBXFileReference; lastKnownFileType = file.storyboard; name = Base; path = Base.lproj/Main.storyboard; sourceTree = "<group>"; };
		4AC0877E1ED7AFDC00D9403A /* Virtual_Tourist.xcdatamodel */ = {isa = PBXFileReference; lastKnownFileType = wrapper.xcdatamodel; path = Virtual_Tourist.xcdatamodel; sourceTree = "<group>"; };
		4AC087801ED7AFDC00D9403A /* Assets.xcassets */ = {isa = PBXFileReference; lastKnownFileType = folder.assetcatalog; path = Assets.xcassets; sourceTree = "<group>"; };
		4AC087831ED7AFDC00D9403A /* Base */ = {isa = PBXFileReference; lastKnownFileType = file.storyboard; name = Base; path = Base.lproj/LaunchScreen.storyboard; sourceTree = "<group>"; };
		4AC087851ED7AFDC00D9403A /* Info.plist */ = {isa = PBXFileReference; lastKnownFileType = text.plist.xml; path = Info.plist; sourceTree = "<group>"; };
		4AC087961ED7B75000D9403A /* CoreDataStack.swift */ = {isa = PBXFileReference; fileEncoding = 4; lastKnownFileType = sourcecode.swift; path = CoreDataStack.swift; sourceTree = "<group>"; };
		4AC087981ED7FC7800D9403A /* MapViewController.swift */ = {isa = PBXFileReference; fileEncoding = 4; lastKnownFileType = sourcecode.swift; path = MapViewController.swift; sourceTree = "<group>"; };
		4AC0879C1ED7FDCD00D9403A /* Photo+CoreDataClass.swift */ = {isa = PBXFileReference; fileEncoding = 4; lastKnownFileType = sourcecode.swift; name = "Photo+CoreDataClass.swift"; path = "Virtual Tourist/Photo+CoreDataClass.swift"; sourceTree = "<group>"; };
		4AC0879D1ED7FDCD00D9403A /* Photo+CoreDataProperties.swift */ = {isa = PBXFileReference; fileEncoding = 4; lastKnownFileType = sourcecode.swift; name = "Photo+CoreDataProperties.swift"; path = "Virtual Tourist/Photo+CoreDataProperties.swift"; sourceTree = "<group>"; };
		4AC087A21ED8ED4C00D9403A /* FlickrAPI.swift */ = {isa = PBXFileReference; fileEncoding = 4; lastKnownFileType = sourcecode.swift; path = FlickrAPI.swift; sourceTree = "<group>"; };
		4AC087A41EDA4CA400D9403A /* PinViewController.swift */ = {isa = PBXFileReference; fileEncoding = 4; lastKnownFileType = sourcecode.swift; path = PinViewController.swift; sourceTree = "<group>"; };
		4AC087A61EDA552F00D9403A /* AnnotationPin.swift */ = {isa = PBXFileReference; fileEncoding = 4; lastKnownFileType = sourcecode.swift; path = AnnotationPin.swift; sourceTree = "<group>"; };
/* End PBXFileReference section */

/* Begin PBXFrameworksBuildPhase section */
		4AC087701ED7AFDC00D9403A /* Frameworks */ = {
			isa = PBXFrameworksBuildPhase;
			buildActionMask = 2147483647;
			files = (
			);
			runOnlyForDeploymentPostprocessing = 0;
		};
/* End PBXFrameworksBuildPhase section */

/* Begin PBXGroup section */
		4AC0876A1ED7AFDC00D9403A = {
			isa = PBXGroup;
			children = (
				4AC087751ED7AFDC00D9403A /* Virtual Tourist */,
				4AC087741ED7AFDC00D9403A /* Products */,
			);
			sourceTree = "<group>";
		};
		4AC087741ED7AFDC00D9403A /* Products */ = {
			isa = PBXGroup;
			children = (
				4AC087731ED7AFDC00D9403A /* Virtual Tourist.app */,
			);
			name = Products;
			sourceTree = "<group>";
		};
		4AC087751ED7AFDC00D9403A /* Virtual Tourist */ = {
			isa = PBXGroup;
			children = (
				4AC087761ED7AFDC00D9403A /* AppDelegate.swift */,
				4AC087A21ED8ED4C00D9403A /* FlickrAPI.swift */,
				4A1370F21EDCF4A900A3E9C4 /* Extentions.swift */,
				4AC087961ED7B75000D9403A /* CoreDataStack.swift */,
				4AC087981ED7FC7800D9403A /* MapViewController.swift */,
				4AC087A41EDA4CA400D9403A /* PinViewController.swift */,
				4A1370EC1EDBC2B900A3E9C4 /* CollectionViewCell.swift */,
				4AC087A61EDA552F00D9403A /* AnnotationPin.swift */,
				4AC087931ED7B61300D9403A /* DataModel */,
				4AC0877A1ED7AFDC00D9403A /* Main.storyboard */,
				4AC087801ED7AFDC00D9403A /* Assets.xcassets */,
				4AC087821ED7AFDC00D9403A /* LaunchScreen.storyboard */,
				4AC087851ED7AFDC00D9403A /* Info.plist */,
				4AC0877D1ED7AFDC00D9403A /* Virtual_Tourist.xcdatamodeld */,
			);
			path = "Virtual Tourist";
			sourceTree = "<group>";
		};
		4AC087931ED7B61300D9403A /* DataModel */ = {
			isa = PBXGroup;
			children = (
				4A1370F91EDDF0F900A3E9C4 /* Pin+CoreDataClass.swift */,
				4A1370FA1EDDF0F900A3E9C4 /* Pin+CoreDataProperties.swift */,
				4AC0879C1ED7FDCD00D9403A /* Photo+CoreDataClass.swift */,
				4AC0879D1ED7FDCD00D9403A /* Photo+CoreDataProperties.swift */,
			);
			name = DataModel;
			path = ..;
			sourceTree = "<group>";
		};
/* End PBXGroup section */

/* Begin PBXNativeTarget section */
		4AC087721ED7AFDC00D9403A /* Virtual Tourist */ = {
			isa = PBXNativeTarget;
			buildConfigurationList = 4AC087881ED7AFDC00D9403A /* Build configuration list for PBXNativeTarget "Virtual Tourist" */;
			buildPhases = (
				4AC0876F1ED7AFDC00D9403A /* Sources */,
				4AC087701ED7AFDC00D9403A /* Frameworks */,
				4AC087711ED7AFDC00D9403A /* Resources */,
			);
			buildRules = (
			);
			dependencies = (
			);
			name = "Virtual Tourist";
			productName = "Virtual Tourist";
			productReference = 4AC087731ED7AFDC00D9403A /* Virtual Tourist.app */;
			productType = "com.apple.product-type.application";
		};
/* End PBXNativeTarget section */

/* Begin PBXProject section */
		4AC0876B1ED7AFDC00D9403A /* Project object */ = {
			isa = PBXProject;
			attributes = {
				LastSwiftUpdateCheck = 0830;
				LastUpgradeCheck = 0830;
				ORGANIZATIONNAME = "Paradox Apps";
				TargetAttributes = {
					4AC087721ED7AFDC00D9403A = {
						CreatedOnToolsVersion = 8.3.2;
						DevelopmentTeam = H979476W4U;
						ProvisioningStyle = Automatic;
					};
				};
			};
			buildConfigurationList = 4AC0876E1ED7AFDC00D9403A /* Build configuration list for PBXProject "Virtual Tourist" */;
			compatibilityVersion = "Xcode 3.2";
			developmentRegion = English;
			hasScannedForEncodings = 0;
			knownRegions = (
				en,
				Base,
			);
			mainGroup = 4AC0876A1ED7AFDC00D9403A;
			productRefGroup = 4AC087741ED7AFDC00D9403A /* Products */;
			projectDirPath = "";
			projectRoot = "";
			targets = (
				4AC087721ED7AFDC00D9403A /* Virtual Tourist */,
			);
		};
/* End PBXProject section */

/* Begin PBXResourcesBuildPhase section */
		4AC087711ED7AFDC00D9403A /* Resources */ = {
			isa = PBXResourcesBuildPhase;
			buildActionMask = 2147483647;
			files = (
				4AC087841ED7AFDC00D9403A /* LaunchScreen.storyboard in Resources */,
				4AC087811ED7AFDC00D9403A /* Assets.xcassets in Resources */,
				4AC0877C1ED7AFDC00D9403A /* Main.storyboard in Resources */,
			);
			runOnlyForDeploymentPostprocessing = 0;
		};
/* End PBXResourcesBuildPhase section */

/* Begin PBXSourcesBuildPhase section */
		4AC0876F1ED7AFDC00D9403A /* Sources */ = {
			isa = PBXSourcesBuildPhase;
			buildActionMask = 2147483647;
			files = (
				4AC0877F1ED7AFDC00D9403A /* Virtual_Tourist.xcdatamodeld in Sources */,
				4AC087A01ED7FDCD00D9403A /* Photo+CoreDataClass.swift in Sources */,
				4A1370ED1EDBC2B900A3E9C4 /* CollectionViewCell.swift in Sources */,
				4AC087A31ED8ED4C00D9403A /* FlickrAPI.swift in Sources */,
				4AC087A71EDA552F00D9403A /* AnnotationPin.swift in Sources */,
				4AC087971ED7B75000D9403A /* CoreDataStack.swift in Sources */,
				4A1370F31EDCF4A900A3E9C4 /* Extentions.swift in Sources */,
				4A1370FB1EDDF0F900A3E9C4 /* Pin+CoreDataClass.swift in Sources */,
				4AC087771ED7AFDC00D9403A /* AppDelegate.swift in Sources */,
				4AC087A11ED7FDCD00D9403A /* Photo+CoreDataProperties.swift in Sources */,
				4AC087A51EDA4CA400D9403A /* PinViewController.swift in Sources */,
				4A1370FC1EDDF0F900A3E9C4 /* Pin+CoreDataProperties.swift in Sources */,
				4AC087991ED7FC7800D9403A /* MapViewController.swift in Sources */,
			);
			runOnlyForDeploymentPostprocessing = 0;
		};
/* End PBXSourcesBuildPhase section */

/* Begin PBXVariantGroup section */
		4AC0877A1ED7AFDC00D9403A /* Main.storyboard */ = {
			isa = PBXVariantGroup;
			children = (
				4AC0877B1ED7AFDC00D9403A /* Base */,
			);
			name = Main.storyboard;
			sourceTree = "<group>";
		};
		4AC087821ED7AFDC00D9403A /* LaunchScreen.storyboard */ = {
			isa = PBXVariantGroup;
			children = (
				4AC087831ED7AFDC00D9403A /* Base */,
			);
			name = LaunchScreen.storyboard;
			sourceTree = "<group>";
		};
/* End PBXVariantGroup section */

/* Begin XCBuildConfiguration section */
		4AC087861ED7AFDC00D9403A /* Debug */ = {
			isa = XCBuildConfiguration;
			buildSettings = {
				ALWAYS_SEARCH_USER_PATHS = NO;
				CLANG_ANALYZER_NONNULL = YES;
				CLANG_ANALYZER_NUMBER_OBJECT_CONVERSION = YES_AGGRESSIVE;
				CLANG_CXX_LANGUAGE_STANDARD = "gnu++0x";
				CLANG_CXX_LIBRARY = "libc++";
				CLANG_ENABLE_MODULES = YES;
				CLANG_ENABLE_OBJC_ARC = YES;
				CLANG_WARN_BOOL_CONVERSION = YES;
				CLANG_WARN_CONSTANT_CONVERSION = YES;
				CLANG_WARN_DIRECT_OBJC_ISA_USAGE = YES_ERROR;
				CLANG_WARN_DOCUMENTATION_COMMENTS = YES;
				CLANG_WARN_EMPTY_BODY = YES;
				CLANG_WARN_ENUM_CONVERSION = YES;
				CLANG_WARN_INFINITE_RECURSION = YES;
				CLANG_WARN_INT_CONVERSION = YES;
				CLANG_WARN_OBJC_ROOT_CLASS = YES_ERROR;
				CLANG_WARN_SUSPICIOUS_MOVE = YES;
				CLANG_WARN_UNREACHABLE_CODE = YES;
				CLANG_WARN__DUPLICATE_METHOD_MATCH = YES;
				"CODE_SIGN_IDENTITY[sdk=iphoneos*]" = "iPhone Developer";
				COPY_PHASE_STRIP = NO;
				DEBUG_INFORMATION_FORMAT = dwarf;
				ENABLE_STRICT_OBJC_MSGSEND = YES;
				ENABLE_TESTABILITY = YES;
				GCC_C_LANGUAGE_STANDARD = gnu99;
				GCC_DYNAMIC_NO_PIC = NO;
				GCC_NO_COMMON_BLOCKS = YES;
				GCC_OPTIMIZATION_LEVEL = 0;
				GCC_PREPROCESSOR_DEFINITIONS = (
					"DEBUG=1",
					"$(inherited)",
				);
				GCC_WARN_64_TO_32_BIT_CONVERSION = YES;
				GCC_WARN_ABOUT_RETURN_TYPE = YES_ERROR;
				GCC_WARN_UNDECLARED_SELECTOR = YES;
				GCC_WARN_UNINITIALIZED_AUTOS = YES_AGGRESSIVE;
				GCC_WARN_UNUSED_FUNCTION = YES;
				GCC_WARN_UNUSED_VARIABLE = YES;
				IPHONEOS_DEPLOYMENT_TARGET = 10.3;
				MTL_ENABLE_DEBUG_INFO = YES;
				ONLY_ACTIVE_ARCH = YES;
				SDKROOT = iphoneos;
				SWIFT_ACTIVE_COMPILATION_CONDITIONS = DEBUG;
				SWIFT_OPTIMIZATION_LEVEL = "-Onone";
			};
			name = Debug;
		};
		4AC087871ED7AFDC00D9403A /* Release */ = {
			isa = XCBuildConfiguration;
			buildSettings = {
				ALWAYS_SEARCH_USER_PATHS = NO;
				CLANG_ANALYZER_NONNULL = YES;
				CLANG_ANALYZER_NUMBER_OBJECT_CONVERSION = YES_AGGRESSIVE;
				CLANG_CXX_LANGUAGE_STANDARD = "gnu++0x";
				CLANG_CXX_LIBRARY = "libc++";
				CLANG_ENABLE_MODULES = YES;
				CLANG_ENABLE_OBJC_ARC = YES;
				CLANG_WARN_BOOL_CONVERSION = YES;
				CLANG_WARN_CONSTANT_CONVERSION = YES;
				CLANG_WARN_DIRECT_OBJC_ISA_USAGE = YES_ERROR;
				CLANG_WARN_DOCUMENTATION_COMMENTS = YES;
				CLANG_WARN_EMPTY_BODY = YES;
				CLANG_WARN_ENUM_CONVERSION = YES;
				CLANG_WARN_INFINITE_RECURSION = YES;
				CLANG_WARN_INT_CONVERSION = YES;
				CLANG_WARN_OBJC_ROOT_CLASS = YES_ERROR;
				CLANG_WARN_SUSPICIOUS_MOVE = YES;
				CLANG_WARN_UNREACHABLE_CODE = YES;
				CLANG_WARN__DUPLICATE_METHOD_MATCH = YES;
				"CODE_SIGN_IDENTITY[sdk=iphoneos*]" = "iPhone Developer";
				COPY_PHASE_STRIP = NO;
				DEBUG_INFORMATION_FORMAT = "dwarf-with-dsym";
				ENABLE_NS_ASSERTIONS = NO;
				ENABLE_STRICT_OBJC_MSGSEND = YES;
				GCC_C_LANGUAGE_STANDARD = gnu99;
				GCC_NO_COMMON_BLOCKS = YES;
				GCC_WARN_64_TO_32_BIT_CONVERSION = YES;
				GCC_WARN_ABOUT_RETURN_TYPE = YES_ERROR;
				GCC_WARN_UNDECLARED_SELECTOR = YES;
				GCC_WARN_UNINITIALIZED_AUTOS = YES_AGGRESSIVE;
				GCC_WARN_UNUSED_FUNCTION = YES;
				GCC_WARN_UNUSED_VARIABLE = YES;
				IPHONEOS_DEPLOYMENT_TARGET = 10.3;
				MTL_ENABLE_DEBUG_INFO = NO;
				SDKROOT = iphoneos;
				SWIFT_OPTIMIZATION_LEVEL = "-Owholemodule";
				VALIDATE_PRODUCT = YES;
			};
			name = Release;
		};
		4AC087891ED7AFDC00D9403A /* Debug */ = {
			isa = XCBuildConfiguration;
			buildSettings = {
				ASSETCATALOG_COMPILER_APPICON_NAME = AppIcon;
				DEVELOPMENT_TEAM = H979476W4U;
				INFOPLIST_FILE = "Virtual Tourist/Info.plist";
				LD_RUNPATH_SEARCH_PATHS = "$(inherited) @executable_path/Frameworks";
				PRODUCT_BUNDLE_IDENTIFIER = "com.paradoxapps.Virtual-Tourist";
				PRODUCT_NAME = "$(TARGET_NAME)";
				SWIFT_VERSION = 3.0;
			};
			name = Debug;
		};
		4AC0878A1ED7AFDC00D9403A /* Release */ = {
			isa = XCBuildConfiguration;
			buildSettings = {
				ASSETCATALOG_COMPILER_APPICON_NAME = AppIcon;
				DEVELOPMENT_TEAM = H979476W4U;
				INFOPLIST_FILE = "Virtual Tourist/Info.plist";
				LD_RUNPATH_SEARCH_PATHS = "$(inherited) @executable_path/Frameworks";
				PRODUCT_BUNDLE_IDENTIFIER = "com.paradoxapps.Virtual-Tourist";
				PRODUCT_NAME = "$(TARGET_NAME)";
				SWIFT_VERSION = 3.0;
			};
			name = Release;
		};
/* End XCBuildConfiguration section */

/* Begin XCConfigurationList section */
		4AC0876E1ED7AFDC00D9403A /* Build configuration list for PBXProject "Virtual Tourist" */ = {
			isa = XCConfigurationList;
			buildConfigurations = (
				4AC087861ED7AFDC00D9403A /* Debug */,
				4AC087871ED7AFDC00D9403A /* Release */,
			);
			defaultConfigurationIsVisible = 0;
			defaultConfigurationName = Release;
		};
		4AC087881ED7AFDC00D9403A /* Build configuration list for PBXNativeTarget "Virtual Tourist" */ = {
			isa = XCConfigurationList;
			buildConfigurations = (
				4AC087891ED7AFDC00D9403A /* Debug */,
				4AC0878A1ED7AFDC00D9403A /* Release */,
			);
			defaultConfigurationIsVisible = 0;
			defaultConfigurationName = Release;
		};
/* End XCConfigurationList section */

/* Begin XCVersionGroup section */
		4AC0877D1ED7AFDC00D9403A /* Virtual_Tourist.xcdatamodeld */ = {
			isa = XCVersionGroup;
			children = (
				4A1370F41EDDECAD00A3E9C4 /* Virtual_Tourist 2.xcdatamodel */,
				4AC0877E1ED7AFDC00D9403A /* Virtual_Tourist.xcdatamodel */,
			);
			currentVersion = 4A1370F41EDDECAD00A3E9C4 /* Virtual_Tourist 2.xcdatamodel */;
			path = Virtual_Tourist.xcdatamodeld;
			sourceTree = "<group>";
			versionGroupType = wrapper.xcdatamodel;
		};
/* End XCVersionGroup section */
	};
	rootObject = 4AC0876B1ED7AFDC00D9403A /* Project object */;
}
